
Microsoft Visual Studio Solution File, Format Version 12.00
# Visual Studio Version 17
VisualStudioVersion = 17.7.34031.279
MinimumVisualStudioVersion = 10.0.40219.1
Project("{FAE04EC0-301F-11D3-BF4B-00C04F79EFBC}") = "Tema3-FormularioStackPanelEstilos", "Tema3-FormularioStackPanelEstilos\Tema3-FormularioStackPanelEstilos.csproj", "{48DB078E-5565-4B93-89FE-C9BECC5A8421}"
EndProject
Global
	GlobalSection(SolutionConfigurationPlatforms) = preSolution
		Debug|Any CPU = Debug|Any CPU
		Release|Any CPU = Release|Any CPU
	EndGlobalSection
	GlobalSection(ProjectConfigurationPlatforms) = postSolution
		{48DB078E-5565-4B93-89FE-C9BECC5A8421}.Debug|Any CPU.ActiveCfg = Debug|Any CPU
		{48DB078E-5565-4B93-89FE-C9BECC5A8421}.Debug|Any CPU.Build.0 = Debug|Any CPU
		{48DB078E-5565-4B93-89FE-C9BECC5A8421}.Release|Any CPU.ActiveCfg = Release|Any CPU
		{48DB078E-5565-4B93-89FE-C9BECC5A8421}.Release|Any CPU.Build.0 = Release|Any CPU
	EndGlobalSection
	GlobalSection(SolutionProperties) = preSolution
		HideSolutionNode = FALSE
	EndGlobalSection
	GlobalSection(ExtensibilityGlobals) = postSolution
		SolutionGuid = {765C687C-EDE7-4421-914D-C1D85A1CFBD9}
	EndGlobalSection
EndGlobal
